
Microsoft Visual Studio Solution File, Format Version 12.00
# Visual Studio Version 17
VisualStudioVersion = 17.13.36105.23 d17.13
MinimumVisualStudioVersion = 10.0.40219.1
Project("{FAE04EC0-301F-11D3-BF4B-00C04F79EFBC}") = "Dsw2025Ej14.Api", "Dsw2025Ej14.Api\Dsw2025Ej14.Api.csproj", "{B0D38E8E-3CCD-4D36-BB53-88EFB9BE3E2A}"
EndProject
Global
	GlobalSection(SolutionConfigurationPlatforms) = preSolution
		Debug|Any CPU = Debug|Any CPU
		Release|Any CPU = Release|Any CPU
	EndGlobalSection
	GlobalSection(ProjectConfigurationPlatforms) = postSolution
		{B0D38E8E-3CCD-4D36-BB53-88EFB9BE3E2A}.Debug|Any CPU.ActiveCfg = Debug|Any CPU
		{B0D38E8E-3CCD-4D36-BB53-88EFB9BE3E2A}.Debug|Any CPU.Build.0 = Debug|Any CPU
		{B0D38E8E-3CCD-4D36-BB53-88EFB9BE3E2A}.Release|Any CPU.ActiveCfg = Release|Any CPU
		{B0D38E8E-3CCD-4D36-BB53-88EFB9BE3E2A}.Release|Any CPU.Build.0 = Release|Any CPU
	EndGlobalSection
	GlobalSection(SolutionProperties) = preSolution
		HideSolutionNode = FALSE
	EndGlobalSection
	GlobalSection(ExtensibilityGlobals) = postSolution
		SolutionGuid = {CBE4DE0E-8F7E-4A8F-8C03-1A7BBD1E31A5}
	EndGlobalSection
EndGlobal
